
Microsoft Visual Studio Solution File, Format Version 12.00
# Visual Studio Version 17
VisualStudioVersion = 17.4.33205.214
MinimumVisualStudioVersion = 10.0.40219.1
Project("{9A19103F-16F7-4668-BE54-9A1E7A4F7556}") = "SimpleAcreSetup", "SimpleAcreSetup\SimpleAcreSetup.csproj", "{F1D87D90-FDE0-41FB-A83E-37FDA5A82C94}"
EndProject
Global
	GlobalSection(SolutionConfigurationPlatforms) = preSolution
		Debug|Any CPU = Debug|Any CPU
		Release|Any CPU = Release|Any CPU
	EndGlobalSection
	GlobalSection(ProjectConfigurationPlatforms) = postSolution
		{F1D87D90-FDE0-41FB-A83E-37FDA5A82C94}.Debug|Any CPU.ActiveCfg = Debug|Any CPU
		{F1D87D90-FDE0-41FB-A83E-37FDA5A82C94}.Debug|Any CPU.Build.0 = Debug|Any CPU
		{F1D87D90-FDE0-41FB-A83E-37FDA5A82C94}.Release|Any CPU.ActiveCfg = Release|Any CPU
		{F1D87D90-FDE0-41FB-A83E-37FDA5A82C94}.Release|Any CPU.Build.0 = Release|Any CPU
	EndGlobalSection
	GlobalSection(SolutionProperties) = preSolution
		HideSolutionNode = FALSE
	EndGlobalSection
	GlobalSection(ExtensibilityGlobals) = postSolution
		SolutionGuid = {7DB85A83-C194-4823-9B13-7307C8FBA44D}
	EndGlobalSection
EndGlobal
